
Microsoft Visual Studio Solution File, Format Version 12.00
# Visual Studio Version 16
VisualStudioVersion = 16.0.31729.503
MinimumVisualStudioVersion = 10.0.40219.1
Project("{9A19103F-16F7-4668-BE54-9A1E7A4F7556}") = "Catalog.Data", "Catalog.Data\Catalog.Data.csproj", "{42D66205-9259-4A8A-A573-3A7394386A24}"
EndProject
Project("{9A19103F-16F7-4668-BE54-9A1E7A4F7556}") = "Catalog.Repository", "Catalog.Repository\Catalog.Repository.csproj", "{0F1CF336-ED7A-4943-BEA2-AA834FB5411D}"
EndProject
Project("{FAE04EC0-301F-11D3-BF4B-00C04F79EFBC}") = "Catalog.Api", "Catalog.Api\Catalog.Api.csproj", "{7B5A639F-6014-437A-8326-E930DC24458B}"
EndProject
Global
	GlobalSection(SolutionConfigurationPlatforms) = preSolution
		Debug|Any CPU = Debug|Any CPU
		Release|Any CPU = Release|Any CPU
	EndGlobalSection
	GlobalSection(ProjectConfigurationPlatforms) = postSolution
		{42D66205-9259-4A8A-A573-3A7394386A24}.Debug|Any CPU.ActiveCfg = Debug|Any CPU
		{42D66205-9259-4A8A-A573-3A7394386A24}.Debug|Any CPU.Build.0 = Debug|Any CPU
		{42D66205-9259-4A8A-A573-3A7394386A24}.Release|Any CPU.ActiveCfg = Release|Any CPU
		{42D66205-9259-4A8A-A573-3A7394386A24}.Release|Any CPU.Build.0 = Release|Any CPU
		{0F1CF336-ED7A-4943-BEA2-AA834FB5411D}.Debug|Any CPU.ActiveCfg = Debug|Any CPU
		{0F1CF336-ED7A-4943-BEA2-AA834FB5411D}.Debug|Any CPU.Build.0 = Debug|Any CPU
		{0F1CF336-ED7A-4943-BEA2-AA834FB5411D}.Release|Any CPU.ActiveCfg = Release|Any CPU
		{0F1CF336-ED7A-4943-BEA2-AA834FB5411D}.Release|Any CPU.Build.0 = Release|Any CPU
		{7B5A639F-6014-437A-8326-E930DC24458B}.Debug|Any CPU.ActiveCfg = Debug|Any CPU
		{7B5A639F-6014-437A-8326-E930DC24458B}.Debug|Any CPU.Build.0 = Debug|Any CPU
		{7B5A639F-6014-437A-8326-E930DC24458B}.Release|Any CPU.ActiveCfg = Release|Any CPU
		{7B5A639F-6014-437A-8326-E930DC24458B}.Release|Any CPU.Build.0 = Release|Any CPU
	EndGlobalSection
	GlobalSection(SolutionProperties) = preSolution
		HideSolutionNode = FALSE
	EndGlobalSection
	GlobalSection(ExtensibilityGlobals) = postSolution
		SolutionGuid = {8788E519-F0B8-477B-BAB6-B3F693C65F1D}
	EndGlobalSection
EndGlobal
